# This file is automatically @generated by Cargo.
# It is not intended for manual editing.
version = 3

[[package]]
name = "adder"
version = "0.1.0"

[[package]]
name = "advanced_functions"
version = "0.1.0"

[[package]]
name = "advanced_traits"
version = "0.1.0"

[[package]]
name = "advanced_types"
version = "0.1.0"

[[package]]
name = "backyard"
version = "0.1.0"

[[package]]
name = "blog"
version = "0.1.0"

[[package]]
name = "blog_type"
version = "0.1.0"

[[package]]
name = "channels"
version = "0.1.0"

[[package]]
name = "closures"
version = "0.1.0"

[[package]]
name = "collections"
version = "0.1.0"

[[package]]
name = "drop"
version = "0.1.0"

[[package]]
name = "enum"
version = "0.1.0"

[[package]]
name = "errors"
version = "0.1.0"

[[package]]
name = "generic_data_types"
version = "0.1.0"

[[package]]
name = "hash_maps"
version = "0.1.0"

[[package]]
name = "hello_macro"
version = "0.1.0"

[[package]]
name = "hello_macro_derive"
version = "0.1.0"
dependencies = [
 "quote",
 "syn",
]

[[package]]
name = "iterators"
version = "0.1.0"

[[package]]
name = "lifetimes"
version = "0.1.0"

[[package]]
name = "loops"
version = "0.1.0"

[[package]]
name = "macros"
version = "0.1.0"

[[package]]
name = "match"
version = "0.1.0"

[[package]]
name = "minigrep"
version = "0.1.0"

[[package]]
name = "mutex"
version = "0.1.0"

[[package]]
name = "my_box"
version = "0.1.0"

[[package]]
name = "my_crates"
version = "0.1.0"

[[package]]
name = "oop"
version = "0.1.0"

[[package]]
name = "ownership"
version = "0.1.0"

[[package]]
name = "pancakes"
version = "0.1.0"
dependencies = [
 "hello_macro",
 "hello_macro_derive",
]

[[package]]
name = "patterns"
version = "0.1.0"

[[package]]
name = "pointer_box"
version = "0.1.0"

[[package]]
name = "proc-macro2"
version = "1.0.60"
source = "registry+https://github.com/rust-lang/crates.io-index"
checksum = "dec2b086b7a862cf4de201096214fa870344cf922b2b30c167badb3af3195406"
dependencies = [
 "unicode-ident",
]

[[package]]
name = "quote"
version = "1.0.28"
source = "registry+https://github.com/rust-lang/crates.io-index"
checksum = "1b9ab9c7eadfd8df19006f1cf1a4aed13540ed5cbc047010ece5826e10825488"
dependencies = [
 "proc-macro2",
]

[[package]]
name = "ref_cell"
version = "0.1.0"

[[package]]
name = "reference_count"
version = "0.1.0"

[[package]]
name = "reference_cycle"
version = "0.1.0"

[[package]]
name = "references_and_borrowing"
version = "0.1.0"

[[package]]
name = "restaurant"
version = "0.1.0"

[[package]]
name = "strings"
version = "0.1.0"

[[package]]
name = "struct"
version = "0.1.0"

[[package]]
name = "syn"
version = "1.0.109"
source = "registry+https://github.com/rust-lang/crates.io-index"
checksum = "72b64191b275b66ffe2469e8af2c1cfe3bafa67b529ead792a6d0160888b4237"
dependencies = [
 "proc-macro2",
 "quote",
 "unicode-ident",
]

[[package]]
name = "the_slice_type"
version = "0.1.0"

[[package]]
name = "threads"
version = "0.1.0"

[[package]]
name = "trait_object"
version = "0.1.0"

[[package]]
name = "traits"
version = "0.1.0"

[[package]]
name = "unicode-ident"
version = "1.0.9"
source = "registry+https://github.com/rust-lang/crates.io-index"
checksum = "b15811caf2415fb889178633e7724bad2509101cde276048e013b9def5e51fa0"

[[package]]
name = "unsafe_rust"
version = "0.1.0"

[[package]]
name = "vectors"
version = "0.1.0"
