# This file is automatically @generated by Cargo.
# It is not intended for manual editing.
version = 3

[[package]]
name = "adder"
version = "0.1.0"

[[package]]
name = "backyard"
version = "0.1.0"

[[package]]
name = "closures"
version = "0.1.0"

[[package]]
name = "collections"
version = "0.1.0"

[[package]]
name = "enum"
version = "0.1.0"

[[package]]
name = "errors"
version = "0.1.0"

[[package]]
name = "generic_data_types"
version = "0.1.0"

[[package]]
name = "hash_maps"
version = "0.1.0"

[[package]]
name = "iterators"
version = "0.1.0"

[[package]]
name = "lifetimes"
version = "0.1.0"

[[package]]
name = "loops"
version = "0.1.0"

[[package]]
name = "match"
version = "0.1.0"

[[package]]
name = "minigrep"
version = "0.1.0"

[[package]]
name = "ownership"
version = "0.1.0"

[[package]]
name = "references_and_borrowing"
version = "0.1.0"

[[package]]
name = "restaurant"
version = "0.1.0"

[[package]]
name = "strings"
version = "0.1.0"

[[package]]
name = "struct"
version = "0.1.0"

[[package]]
name = "the_slice_type"
version = "0.1.0"

[[package]]
name = "traits"
version = "0.1.0"

[[package]]
name = "vectors"
version = "0.1.0"
